// !$*UTF8*$!
{
	archiveVersion = 1;
	classes = {
	};
	objectVersion = 48;
	objects = {

/* Begin PBXBuildFile section */
		8173E8F31FE02C4200439C51 /* AppDelegate.swift in Sources */ = {isa = PBXBuildFile; fileRef = 8173E8F21FE02C4200439C51 /* AppDelegate.swift */; };
		8173E8F51FE02C4200439C51 /* ViewController.swift in Sources */ = {isa = PBXBuildFile; fileRef = 8173E8F41FE02C4200439C51 /* ViewController.swift */; };
		8173E8F81FE02C4200439C51 /* Main.storyboard in Resources */ = {isa = PBXBuildFile; fileRef = 8173E8F61FE02C4200439C51 /* Main.storyboard */; };
		8173E8FA1FE02C4200439C51 /* Assets.xcassets in Resources */ = {isa = PBXBuildFile; fileRef = 8173E8F91FE02C4200439C51 /* Assets.xcassets */; };
		8173E8FD1FE02C4200439C51 /* LaunchScreen.storyboard in Resources */ = {isa = PBXBuildFile; fileRef = 8173E8FB1FE02C4200439C51 /* LaunchScreen.storyboard */; };
		8173E9081FE02C4200439C51 /* DSATests.swift in Sources */ = {isa = PBXBuildFile; fileRef = 8173E9071FE02C4200439C51 /* DSATests.swift */; };
		8173E9131FE02C4200439C51 /* DSAUITests.swift in Sources */ = {isa = PBXBuildFile; fileRef = 8173E9121FE02C4200439C51 /* DSAUITests.swift */; };
/* End PBXBuildFile section */

/* Begin PBXContainerItemProxy section */
		8173E9041FE02C4200439C51 /* PBXContainerItemProxy */ = {
			isa = PBXContainerItemProxy;
			containerPortal = 8173E8E71FE02C4200439C51 /* Project object */;
			proxyType = 1;
			remoteGlobalIDString = 8173E8EE1FE02C4200439C51;
			remoteInfo = DSA;
		};
		8173E90F1FE02C4200439C51 /* PBXContainerItemProxy */ = {
			isa = PBXContainerItemProxy;
			containerPortal = 8173E8E71FE02C4200439C51 /* Project object */;
			proxyType = 1;
			remoteGlobalIDString = 8173E8EE1FE02C4200439C51;
			remoteInfo = DSA;
		};
/* End PBXContainerItemProxy section */

/* Begin PBXFileReference section */
		8173E8EF1FE02C4200439C51 /* DSA.app */ = {isa = PBXFileReference; explicitFileType = wrapper.application; includeInIndex = 0; path = DSA.app; sourceTree = BUILT_PRODUCTS_DIR; };
		8173E8F21FE02C4200439C51 /* AppDelegate.swift */ = {isa = PBXFileReference; lastKnownFileType = sourcecode.swift; path = AppDelegate.swift; sourceTree = "<group>"; };
		8173E8F41FE02C4200439C51 /* ViewController.swift */ = {isa = PBXFileReference; lastKnownFileType = sourcecode.swift; path = ViewController.swift; sourceTree = "<group>"; };
		8173E8F71FE02C4200439C51 /* Base */ = {isa = PBXFileReference; lastKnownFileType = file.storyboard; name = Base; path = Base.lproj/Main.storyboard; sourceTree = "<group>"; };
		8173E8F91FE02C4200439C51 /* Assets.xcassets */ = {isa = PBXFileReference; lastKnownFileType = folder.assetcatalog; path = Assets.xcassets; sourceTree = "<group>"; };
		8173E8FC1FE02C4200439C51 /* Base */ = {isa = PBXFileReference; lastKnownFileType = file.storyboard; name = Base; path = Base.lproj/LaunchScreen.storyboard; sourceTree = "<group>"; };
		8173E8FE1FE02C4200439C51 /* Info.plist */ = {isa = PBXFileReference; lastKnownFileType = text.plist.xml; path = Info.plist; sourceTree = "<group>"; };
		8173E9031FE02C4200439C51 /* DSATests.xctest */ = {isa = PBXFileReference; explicitFileType = wrapper.cfbundle; includeInIndex = 0; path = DSATests.xctest; sourceTree = BUILT_PRODUCTS_DIR; };
		8173E9071FE02C4200439C51 /* DSATests.swift */ = {isa = PBXFileReference; lastKnownFileType = sourcecode.swift; path = DSATests.swift; sourceTree = "<group>"; };
		8173E9091FE02C4200439C51 /* Info.plist */ = {isa = PBXFileReference; lastKnownFileType = text.plist.xml; path = Info.plist; sourceTree = "<group>"; };
		8173E90E1FE02C4200439C51 /* DSAUITests.xctest */ = {isa = PBXFileReference; explicitFileType = wrapper.cfbundle; includeInIndex = 0; path = DSAUITests.xctest; sourceTree = BUILT_PRODUCTS_DIR; };
		8173E9121FE02C4200439C51 /* DSAUITests.swift */ = {isa = PBXFileReference; lastKnownFileType = sourcecode.swift; path = DSAUITests.swift; sourceTree = "<group>"; };
		8173E9141FE02C4200439C51 /* Info.plist */ = {isa = PBXFileReference; lastKnownFileType = text.plist.xml; path = Info.plist; sourceTree = "<group>"; };
/* End PBXFileReference section */

/* Begin PBXFrameworksBuildPhase section */
		8173E8EC1FE02C4200439C51 /* Frameworks */ = {
			isa = PBXFrameworksBuildPhase;
			buildActionMask = 2147483647;
			files = (
			);
			runOnlyForDeploymentPostprocessing = 0;
		};
		8173E9001FE02C4200439C51 /* Frameworks */ = {
			isa = PBXFrameworksBuildPhase;
			buildActionMask = 2147483647;
			files = (
			);
			runOnlyForDeploymentPostprocessing = 0;
		};
		8173E90B1FE02C4200439C51 /* Frameworks */ = {
			isa = PBXFrameworksBuildPhase;
			buildActionMask = 2147483647;
			files = (
			);
			runOnlyForDeploymentPostprocessing = 0;
		};
/* End PBXFrameworksBuildPhase section */

/* Begin PBXGroup section */
		8173E8E61FE02C4200439C51 = {
			isa = PBXGroup;
			children = (
				8173E8F11FE02C4200439C51 /* DSA */,
				8173E9061FE02C4200439C51 /* DSATests */,
				8173E9111FE02C4200439C51 /* DSAUITests */,
				8173E8F01FE02C4200439C51 /* Products */,
			);
			sourceTree = "<group>";
		};
		8173E8F01FE02C4200439C51 /* Products */ = {
			isa = PBXGroup;
			children = (
				8173E8EF1FE02C4200439C51 /* DSA.app */,
				8173E9031FE02C4200439C51 /* DSATests.xctest */,
				8173E90E1FE02C4200439C51 /* DSAUITests.xctest */,
			);
			name = Products;
			sourceTree = "<group>";
		};
		8173E8F11FE02C4200439C51 /* DSA */ = {
			isa = PBXGroup;
			children = (
				8173E8F21FE02C4200439C51 /* AppDelegate.swift */,
				8173E8F41FE02C4200439C51 /* ViewController.swift */,
				8173E8F61FE02C4200439C51 /* Main.storyboard */,
				8173E8F91FE02C4200439C51 /* Assets.xcassets */,
				8173E8FB1FE02C4200439C51 /* LaunchScreen.storyboard */,
				8173E8FE1FE02C4200439C51 /* Info.plist */,
			);
			path = DSA;
			sourceTree = "<group>";
		};
		8173E9061FE02C4200439C51 /* DSATests */ = {
			isa = PBXGroup;
			children = (
				8173E9071FE02C4200439C51 /* DSATests.swift */,
				8173E9091FE02C4200439C51 /* Info.plist */,
			);
			path = DSATests;
			sourceTree = "<group>";
		};
		8173E9111FE02C4200439C51 /* DSAUITests */ = {
			isa = PBXGroup;
			children = (
				8173E9121FE02C4200439C51 /* DSAUITests.swift */,
				8173E9141FE02C4200439C51 /* Info.plist */,
			);
			path = DSAUITests;
			sourceTree = "<group>";
		};
/* End PBXGroup section */

/* Begin PBXNativeTarget section */
		8173E8EE1FE02C4200439C51 /* DSA */ = {
			isa = PBXNativeTarget;
			buildConfigurationList = 8173E9171FE02C4200439C51 /* Build configuration list for PBXNativeTarget "DSA" */;
			buildPhases = (
				8173E8EB1FE02C4200439C51 /* Sources */,
				8173E8EC1FE02C4200439C51 /* Frameworks */,
				8173E8ED1FE02C4200439C51 /* Resources */,
			);
			buildRules = (
			);
			dependencies = (
			);
			name = DSA;
			productName = DSA;
			productReference = 8173E8EF1FE02C4200439C51 /* DSA.app */;
			productType = "com.apple.product-type.application";
		};
		8173E9021FE02C4200439C51 /* DSATests */ = {
			isa = PBXNativeTarget;
			buildConfigurationList = 8173E91A1FE02C4200439C51 /* Build configuration list for PBXNativeTarget "DSATests" */;
			buildPhases = (
				8173E8FF1FE02C4200439C51 /* Sources */,
				8173E9001FE02C4200439C51 /* Frameworks */,
				8173E9011FE02C4200439C51 /* Resources */,
			);
			buildRules = (
			);
			dependencies = (
				8173E9051FE02C4200439C51 /* PBXTargetDependency */,
			);
			name = DSATests;
			productName = DSATests;
			productReference = 8173E9031FE02C4200439C51 /* DSATests.xctest */;
			productType = "com.apple.product-type.bundle.unit-test";
		};
		8173E90D1FE02C4200439C51 /* DSAUITests */ = {
			isa = PBXNativeTarget;
			buildConfigurationList = 8173E91D1FE02C4200439C51 /* Build configuration list for PBXNativeTarget "DSAUITests" */;
			buildPhases = (
				8173E90A1FE02C4200439C51 /* Sources */,
				8173E90B1FE02C4200439C51 /* Frameworks */,
				8173E90C1FE02C4200439C51 /* Resources */,
			);
			buildRules = (
			);
			dependencies = (
				8173E9101FE02C4200439C51 /* PBXTargetDependency */,
			);
			name = DSAUITests;
			productName = DSAUITests;
			productReference = 8173E90E1FE02C4200439C51 /* DSAUITests.xctest */;
			productType = "com.apple.product-type.bundle.ui-testing";
		};
/* End PBXNativeTarget section */

/* Begin PBXProject section */
		8173E8E71FE02C4200439C51 /* Project object */ = {
			isa = PBXProject;
			attributes = {
				LastSwiftUpdateCheck = 0920;
				LastUpgradeCheck = 0920;
				ORGANIZATIONNAME = C4Q;
				TargetAttributes = {
					8173E8EE1FE02C4200439C51 = {
						CreatedOnToolsVersion = 9.2;
						ProvisioningStyle = Automatic;
					};
					8173E9021FE02C4200439C51 = {
						CreatedOnToolsVersion = 9.2;
						ProvisioningStyle = Automatic;
						TestTargetID = 8173E8EE1FE02C4200439C51;
					};
					8173E90D1FE02C4200439C51 = {
						CreatedOnToolsVersion = 9.2;
						ProvisioningStyle = Automatic;
						TestTargetID = 8173E8EE1FE02C4200439C51;
					};
				};
			};
			buildConfigurationList = 8173E8EA1FE02C4200439C51 /* Build configuration list for PBXProject "DSA" */;
			compatibilityVersion = "Xcode 8.0";
			developmentRegion = en;
			hasScannedForEncodings = 0;
			knownRegions = (
				en,
				Base,
			);
			mainGroup = 8173E8E61FE02C4200439C51;
			productRefGroup = 8173E8F01FE02C4200439C51 /* Products */;
			projectDirPath = "";
			projectRoot = "";
			targets = (
				8173E8EE1FE02C4200439C51 /* DSA */,
				8173E9021FE02C4200439C51 /* DSATests */,
				8173E90D1FE02C4200439C51 /* DSAUITests */,
			);
		};
/* End PBXProject section */

/* Begin PBXResourcesBuildPhase section */
		8173E8ED1FE02C4200439C51 /* Resources */ = {
			isa = PBXResourcesBuildPhase;
			buildActionMask = 2147483647;
			files = (
				8173E8FD1FE02C4200439C51 /* LaunchScreen.storyboard in Resources */,
				8173E8FA1FE02C4200439C51 /* Assets.xcassets in Resources */,
				8173E8F81FE02C4200439C51 /* Main.storyboard in Resources */,
			);
			runOnlyForDeploymentPostprocessing = 0;
		};
		8173E9011FE02C4200439C51 /* Resources */ = {
			isa = PBXResourcesBuildPhase;
			buildActionMask = 2147483647;
			files = (
			);
			runOnlyForDeploymentPostprocessing = 0;
		};
		8173E90C1FE02C4200439C51 /* Resources */ = {
			isa = PBXResourcesBuildPhase;
			buildActionMask = 2147483647;
			files = (
			);
			runOnlyForDeploymentPostprocessing = 0;
		};
/* End PBXResourcesBuildPhase section */

/* Begin PBXSourcesBuildPhase section */
		8173E8EB1FE02C4200439C51 /* Sources */ = {
			isa = PBXSourcesBuildPhase;
			buildActionMask = 2147483647;
			files = (
				8173E8F51FE02C4200439C51 /* ViewController.swift in Sources */,
				8173E8F31FE02C4200439C51 /* AppDelegate.swift in Sources */,
			);
			runOnlyForDeploymentPostprocessing = 0;
		};
		8173E8FF1FE02C4200439C51 /* Sources */ = {
			isa = PBXSourcesBuildPhase;
			buildActionMask = 2147483647;
			files = (
				8173E9081FE02C4200439C51 /* DSATests.swift in Sources */,
			);
			runOnlyForDeploymentPostprocessing = 0;
		};
		8173E90A1FE02C4200439C51 /* Sources */ = {
			isa = PBXSourcesBuildPhase;
			buildActionMask = 2147483647;
			files = (
				8173E9131FE02C4200439C51 /* DSAUITests.swift in Sources */,
			);
			runOnlyForDeploymentPostprocessing = 0;
		};
/* End PBXSourcesBuildPhase section */

/* Begin PBXTargetDependency section */
		8173E9051FE02C4200439C51 /* PBXTargetDependency */ = {
			isa = PBXTargetDependency;
			target = 8173E8EE1FE02C4200439C51 /* DSA */;
			targetProxy = 8173E9041FE02C4200439C51 /* PBXContainerItemProxy */;
		};
		8173E9101FE02C4200439C51 /* PBXTargetDependency */ = {
			isa = PBXTargetDependency;
			target = 8173E8EE1FE02C4200439C51 /* DSA */;
			targetProxy = 8173E90F1FE02C4200439C51 /* PBXContainerItemProxy */;
		};
/* End PBXTargetDependency section */

/* Begin PBXVariantGroup section */
		8173E8F61FE02C4200439C51 /* Main.storyboard */ = {
			isa = PBXVariantGroup;
			children = (
				8173E8F71FE02C4200439C51 /* Base */,
			);
			name = Main.storyboard;
			sourceTree = "<group>";
		};
		8173E8FB1FE02C4200439C51 /* LaunchScreen.storyboard */ = {
			isa = PBXVariantGroup;
			children = (
				8173E8FC1FE02C4200439C51 /* Base */,
			);
			name = LaunchScreen.storyboard;
			sourceTree = "<group>";
		};
/* End PBXVariantGroup section */

/* Begin XCBuildConfiguration section */
		8173E9151FE02C4200439C51 /* Debug */ = {
			isa = XCBuildConfiguration;
			buildSettings = {
				ALWAYS_SEARCH_USER_PATHS = NO;
				CLANG_ANALYZER_NONNULL = YES;
				CLANG_ANALYZER_NUMBER_OBJECT_CONVERSION = YES_AGGRESSIVE;
				CLANG_CXX_LANGUAGE_STANDARD = "gnu++14";
				CLANG_CXX_LIBRARY = "libc++";
				CLANG_ENABLE_MODULES = YES;
				CLANG_ENABLE_OBJC_ARC = YES;
				CLANG_WARN_BLOCK_CAPTURE_AUTORELEASING = YES;
				CLANG_WARN_BOOL_CONVERSION = YES;
				CLANG_WARN_COMMA = YES;
				CLANG_WARN_CONSTANT_CONVERSION = YES;
				CLANG_WARN_DIRECT_OBJC_ISA_USAGE = YES_ERROR;
				CLANG_WARN_DOCUMENTATION_COMMENTS = YES;
				CLANG_WARN_EMPTY_BODY = YES;
				CLANG_WARN_ENUM_CONVERSION = YES;
				CLANG_WARN_INFINITE_RECURSION = YES;
				CLANG_WARN_INT_CONVERSION = YES;
				CLANG_WARN_NON_LITERAL_NULL_CONVERSION = YES;
				CLANG_WARN_OBJC_LITERAL_CONVERSION = YES;
				CLANG_WARN_OBJC_ROOT_CLASS = YES_ERROR;
				CLANG_WARN_RANGE_LOOP_ANALYSIS = YES;
				CLANG_WARN_STRICT_PROTOTYPES = YES;
				CLANG_WARN_SUSPICIOUS_MOVE = YES;
				CLANG_WARN_UNGUARDED_AVAILABILITY = YES_AGGRESSIVE;
				CLANG_WARN_UNREACHABLE_CODE = YES;
				CLANG_WARN__DUPLICATE_METHOD_MATCH = YES;
				CODE_SIGN_IDENTITY = "iPhone Developer";
				COPY_PHASE_STRIP = NO;
				DEBUG_INFORMATION_FORMAT = dwarf;
				ENABLE_STRICT_OBJC_MSGSEND = YES;
				ENABLE_TESTABILITY = YES;
				GCC_C_LANGUAGE_STANDARD = gnu11;
				GCC_DYNAMIC_NO_PIC = NO;
				GCC_NO_COMMON_BLOCKS = YES;
				GCC_OPTIMIZATION_LEVEL = 0;
				GCC_PREPROCESSOR_DEFINITIONS = (
					"DEBUG=1",
					"$(inherited)",
				);
				GCC_WARN_64_TO_32_BIT_CONVERSION = YES;
				GCC_WARN_ABOUT_RETURN_TYPE = YES_ERROR;
				GCC_WARN_UNDECLARED_SELECTOR = YES;
				GCC_WARN_UNINITIALIZED_AUTOS = YES_AGGRESSIVE;
				GCC_WARN_UNUSED_FUNCTION = YES;
				GCC_WARN_UNUSED_VARIABLE = YES;
				IPHONEOS_DEPLOYMENT_TARGET = 11.2;
				MTL_ENABLE_DEBUG_INFO = YES;
				ONLY_ACTIVE_ARCH = YES;
				SDKROOT = iphoneos;
				SWIFT_ACTIVE_COMPILATION_CONDITIONS = DEBUG;
				SWIFT_OPTIMIZATION_LEVEL = "-Onone";
			};
			name = Debug;
		};
		8173E9161FE02C4200439C51 /* Release */ = {
			isa = XCBuildConfiguration;
			buildSettings = {
				ALWAYS_SEARCH_USER_PATHS = NO;
				CLANG_ANALYZER_NONNULL = YES;
				CLANG_ANALYZER_NUMBER_OBJECT_CONVERSION = YES_AGGRESSIVE;
				CLANG_CXX_LANGUAGE_STANDARD = "gnu++14";
				CLANG_CXX_LIBRARY = "libc++";
				CLANG_ENABLE_MODULES = YES;
				CLANG_ENABLE_OBJC_ARC = YES;
				CLANG_WARN_BLOCK_CAPTURE_AUTORELEASING = YES;
				CLANG_WARN_BOOL_CONVERSION = YES;
				CLANG_WARN_COMMA = YES;
				CLANG_WARN_CONSTANT_CONVERSION = YES;
				CLANG_WARN_DIRECT_OBJC_ISA_USAGE = YES_ERROR;
				CLANG_WARN_DOCUMENTATION_COMMENTS = YES;
				CLANG_WARN_EMPTY_BODY = YES;
				CLANG_WARN_ENUM_CONVERSION = YES;
				CLANG_WARN_INFINITE_RECURSION = YES;
				CLANG_WARN_INT_CONVERSION = YES;
				CLANG_WARN_NON_LITERAL_NULL_CONVERSION = YES;
				CLANG_WARN_OBJC_LITERAL_CONVERSION = YES;
				CLANG_WARN_OBJC_ROOT_CLASS = YES_ERROR;
				CLANG_WARN_RANGE_LOOP_ANALYSIS = YES;
				CLANG_WARN_STRICT_PROTOTYPES = YES;
				CLANG_WARN_SUSPICIOUS_MOVE = YES;
				CLANG_WARN_UNGUARDED_AVAILABILITY = YES_AGGRESSIVE;
				CLANG_WARN_UNREACHABLE_CODE = YES;
				CLANG_WARN__DUPLICATE_METHOD_MATCH = YES;
				CODE_SIGN_IDENTITY = "iPhone Developer";
				COPY_PHASE_STRIP = NO;
				DEBUG_INFORMATION_FORMAT = "dwarf-with-dsym";
				ENABLE_NS_ASSERTIONS = NO;
				ENABLE_STRICT_OBJC_MSGSEND = YES;
				GCC_C_LANGUAGE_STANDARD = gnu11;
				GCC_NO_COMMON_BLOCKS = YES;
				GCC_WARN_64_TO_32_BIT_CONVERSION = YES;
				GCC_WARN_ABOUT_RETURN_TYPE = YES_ERROR;
				GCC_WARN_UNDECLARED_SELECTOR = YES;
				GCC_WARN_UNINITIALIZED_AUTOS = YES_AGGRESSIVE;
				GCC_WARN_UNUSED_FUNCTION = YES;
				GCC_WARN_UNUSED_VARIABLE = YES;
				IPHONEOS_DEPLOYMENT_TARGET = 11.2;
				MTL_ENABLE_DEBUG_INFO = NO;
				SDKROOT = iphoneos;
				SWIFT_OPTIMIZATION_LEVEL = "-Owholemodule";
				VALIDATE_PRODUCT = YES;
			};
			name = Release;
		};
		8173E9181FE02C4200439C51 /* Debug */ = {
			isa = XCBuildConfiguration;
			buildSettings = {
				ASSETCATALOG_COMPILER_APPICON_NAME = AppIcon;
				CODE_SIGN_STYLE = Automatic;
				INFOPLIST_FILE = DSA/Info.plist;
				LD_RUNPATH_SEARCH_PATHS = "$(inherited) @executable_path/Frameworks";
				PRODUCT_BUNDLE_IDENTIFIER = tyzhaoac.DSA;
				PRODUCT_NAME = "$(TARGET_NAME)";
				SWIFT_VERSION = 4.0;
				TARGETED_DEVICE_FAMILY = "1,2";
			};
			name = Debug;
		};
		8173E9191FE02C4200439C51 /* Release */ = {
			isa = XCBuildConfiguration;
			buildSettings = {
				ASSETCATALOG_COMPILER_APPICON_NAME = AppIcon;
				CODE_SIGN_STYLE = Automatic;
				INFOPLIST_FILE = DSA/Info.plist;
				LD_RUNPATH_SEARCH_PATHS = "$(inherited) @executable_path/Frameworks";
				PRODUCT_BUNDLE_IDENTIFIER = tyzhaoac.DSA;
				PRODUCT_NAME = "$(TARGET_NAME)";
				SWIFT_VERSION = 4.0;
				TARGETED_DEVICE_FAMILY = "1,2";
			};
			name = Release;
		};
		8173E91B1FE02C4200439C51 /* Debug */ = {
			isa = XCBuildConfiguration;
			buildSettings = {
				ALWAYS_EMBED_SWIFT_STANDARD_LIBRARIES = YES;
				BUNDLE_LOADER = "$(TEST_HOST)";
				CODE_SIGN_STYLE = Automatic;
				INFOPLIST_FILE = DSATests/Info.plist;
				LD_RUNPATH_SEARCH_PATHS = "$(inherited) @executable_path/Frameworks @loader_path/Frameworks";
				PRODUCT_BUNDLE_IDENTIFIER = tyzhaoac.DSATests;
				PRODUCT_NAME = "$(TARGET_NAME)";
				SWIFT_VERSION = 4.0;
				TARGETED_DEVICE_FAMILY = "1,2";
				TEST_HOST = "$(BUILT_PRODUCTS_DIR)/DSA.app/DSA";
			};
			name = Debug;
		};
		8173E91C1FE02C4200439C51 /* Release */ = {
			isa = XCBuildConfiguration;
			buildSettings = {
				ALWAYS_EMBED_SWIFT_STANDARD_LIBRARIES = YES;
				BUNDLE_LOADER = "$(TEST_HOST)";
				CODE_SIGN_STYLE = Automatic;
				INFOPLIST_FILE = DSATests/Info.plist;
				LD_RUNPATH_SEARCH_PATHS = "$(inherited) @executable_path/Frameworks @loader_path/Frameworks";
				PRODUCT_BUNDLE_IDENTIFIER = tyzhaoac.DSATests;
				PRODUCT_NAME = "$(TARGET_NAME)";
				SWIFT_VERSION = 4.0;
				TARGETED_DEVICE_FAMILY = "1,2";
				TEST_HOST = "$(BUILT_PRODUCTS_DIR)/DSA.app/DSA";
			};
			name = Release;
		};
		8173E91E1FE02C4200439C51 /* Debug */ = {
			isa = XCBuildConfiguration;
			buildSettings = {
				ALWAYS_EMBED_SWIFT_STANDARD_LIBRARIES = YES;
				CODE_SIGN_STYLE = Automatic;
				INFOPLIST_FILE = DSAUITests/Info.plist;
				LD_RUNPATH_SEARCH_PATHS = "$(inherited) @executable_path/Frameworks @loader_path/Frameworks";
				PRODUCT_BUNDLE_IDENTIFIER = tyzhaoac.DSAUITests;
				PRODUCT_NAME = "$(TARGET_NAME)";
				SWIFT_VERSION = 4.0;
				TARGETED_DEVICE_FAMILY = "1,2";
				TEST_TARGET_NAME = DSA;
			};
			name = Debug;
		};
		8173E91F1FE02C4200439C51 /* Release */ = {
			isa = XCBuildConfiguration;
			buildSettings = {
				ALWAYS_EMBED_SWIFT_STANDARD_LIBRARIES = YES;
				CODE_SIGN_STYLE = Automatic;
				INFOPLIST_FILE = DSAUITests/Info.plist;
				LD_RUNPATH_SEARCH_PATHS = "$(inherited) @executable_path/Frameworks @loader_path/Frameworks";
				PRODUCT_BUNDLE_IDENTIFIER = tyzhaoac.DSAUITests;
				PRODUCT_NAME = "$(TARGET_NAME)";
				SWIFT_VERSION = 4.0;
				TARGETED_DEVICE_FAMILY = "1,2";
				TEST_TARGET_NAME = DSA;
			};
			name = Release;
		};
/* End XCBuildConfiguration section */

/* Begin XCConfigurationList section */
		8173E8EA1FE02C4200439C51 /* Build configuration list for PBXProject "DSA" */ = {
			isa = XCConfigurationList;
			buildConfigurations = (
				8173E9151FE02C4200439C51 /* Debug */,
				8173E9161FE02C4200439C51 /* Release */,
			);
			defaultConfigurationIsVisible = 0;
			defaultConfigurationName = Release;
		};
		8173E9171FE02C4200439C51 /* Build configuration list for PBXNativeTarget "DSA" */ = {
			isa = XCConfigurationList;
			buildConfigurations = (
				8173E9181FE02C4200439C51 /* Debug */,
				8173E9191FE02C4200439C51 /* Release */,
			);
			defaultConfigurationIsVisible = 0;
			defaultConfigurationName = Release;
		};
		8173E91A1FE02C4200439C51 /* Build configuration list for PBXNativeTarget "DSATests" */ = {
			isa = XCConfigurationList;
			buildConfigurations = (
				8173E91B1FE02C4200439C51 /* Debug */,
				8173E91C1FE02C4200439C51 /* Release */,
			);
			defaultConfigurationIsVisible = 0;
			defaultConfigurationName = Release;
		};
		8173E91D1FE02C4200439C51 /* Build configuration list for PBXNativeTarget "DSAUITests" */ = {
			isa = XCConfigurationList;
			buildConfigurations = (
				8173E91E1FE02C4200439C51 /* Debug */,
				8173E91F1FE02C4200439C51 /* Release */,
			);
			defaultConfigurationIsVisible = 0;
			defaultConfigurationName = Release;
		};
/* End XCConfigurationList section */
	};
	rootObject = 8173E8E71FE02C4200439C51 /* Project object */;
}
